Microsoft Visual Studio Solution File, Format Version 12.00
# Visual Studio Version 17
VisualStudioVersion = 17.8.0.0
MinimumVisualStudioVersion = 10.0.40219.1
Project("{2150E333-8FDC-42A3-9474-1A3956D46DE8}") = "src", "src", "{11111111-1111-1111-1111-111111111111}"
EndProject
Project("{2150E333-8FDC-42A3-9474-1A3956D46DE8}") = "test", "test", "{22222222-2222-2222-2222-222222222222}"
EndProject
Project("{9A19103F-16F7-4668-BE54-9A1E7A4F7556}") = "Stashr.Core", "src\Stashr.Core\Stashr.Core.csproj", "{A0000001-0001-0001-0001-000000000001}"
EndProject
Project("{9A19103F-16F7-4668-BE54-9A1E7A4F7556}") = "Stashr.Crypto", "src\Stashr.Crypto\Stashr.Crypto.csproj", "{A0000001-0001-0001-0001-000000000002}"
EndProject
Project("{9A19103F-16F7-4668-BE54-9A1E7A4F7556}") = "Stashr.Crypto.Tests", "test\Stashr.Crypto.Tests\Stashr.Crypto.Tests.csproj", "{A0000001-0001-0001-0001-000000000003}"
EndProject
Project("{9A19103F-16F7-4668-BE54-9A1E7A4F7556}") = "Stashr.Storage.InMemory", "src\Stashr.Storage.InMemory\Stashr.Storage.InMemory.csproj", "{A0000001-0001-0001-0001-000000000004}"
EndProject
Project("{9A19103F-16F7-4668-BE54-9A1E7A4F7556}") = "Stashr.Storage.Postgres", "src\Stashr.Storage.Postgres\Stashr.Storage.Postgres.csproj", "{A0000001-0001-0001-0001-000000000006}"
EndProject
Project("{9A19103F-16F7-4668-BE54-9A1E7A4F7556}") = "Stashr.Engine", "src\Stashr.Engine\Stashr.Engine.csproj", "{A0000001-0001-0001-0001-000000000007}"
EndProject
Project("{9A19103F-16F7-4668-BE54-9A1E7A4F7556}") = "Stashr.Engine.Tests", "test\Stashr.Engine.Tests\Stashr.Engine.Tests.csproj", "{A0000001-0001-0001-0001-000000000008}"
EndProject
Project("{9A19103F-16F7-4668-BE54-9A1E7A4F7556}") = "Stashr.Server", "src\Stashr.Server\Stashr.Server.csproj", "{A0000001-0001-0001-0001-000000000009}"
EndProject
Project("{9A19103F-16F7-4668-BE54-9A1E7A4F7556}") = "Stashr.Client", "src\Stashr.Client\Stashr.Client.csproj", "{A0000001-0001-0001-0001-00000000000A}"
EndProject
Project("{9A19103F-16F7-4668-BE54-9A1E7A4F7556}") = "Stashr.Configuration", "src\Stashr.Configuration\Stashr.Configuration.csproj", "{A0000001-0001-0001-0001-00000000000C}"
EndProject
Project("{9A19103F-16F7-4668-BE54-9A1E7A4F7556}") = "Stashr.Cli", "src\Stashr.Cli\Stashr.Cli.csproj", "{A0000001-0001-0001-0001-00000000000F}"
EndProject
Project("{9A19103F-16F7-4668-BE54-9A1E7A4F7556}") = "Stashr.Engines.Database", "src\Stashr.Engines.Database\Stashr.Engines.Database.csproj", "{A0000001-0001-0001-0001-000000000010}"
EndProject
Project("{9A19103F-16F7-4668-BE54-9A1E7A4F7556}") = "Stashr.Engines.Database.Tests", "test\Stashr.Engines.Database.Tests\Stashr.Engines.Database.Tests.csproj", "{A0000001-0001-0001-0001-000000000011}"
EndProject
Project("{9A19103F-16F7-4668-BE54-9A1E7A4F7556}") = "Stashr.Ui", "src\Stashr.Ui\Stashr.Ui.csproj", "{A0000001-0001-0001-0001-000000000012}"
EndProject
Project("{9A19103F-16F7-4668-BE54-9A1E7A4F7556}") = "Stashr.Configuration.Legacy", "src\Stashr.Configuration.Legacy\Stashr.Configuration.Legacy.csproj", "{A0000001-0001-0001-0001-000000000013}"
EndProject
Project("{9A19103F-16F7-4668-BE54-9A1E7A4F7556}") = "Stashr.Architecture.Tests", "test\Stashr.Architecture.Tests\Stashr.Architecture.Tests.csproj", "{A0000001-0001-0001-0001-00000000000D}"
EndProject
Project("{9A19103F-16F7-4668-BE54-9A1E7A4F7556}") = "Stashr.Storage.Postgres.Tests", "test\Stashr.Storage.Postgres.Tests\Stashr.Storage.Postgres.Tests.csproj", "{A0000001-0001-0001-0001-00000000000E}"
EndProject
Project("{2150E333-8FDC-42A3-9474-1A3956D46DE8}") = "samples", "samples", "{33333333-3333-3333-3333-333333333333}"
EndProject
Project("{9A19103F-16F7-4668-BE54-9A1E7A4F7556}") = "Stashr.Sample", "samples\Stashr.Sample\Stashr.Sample.csproj", "{A0000001-0001-0001-0001-00000000000B}"
EndProject
Project("{9A19103F-16F7-4668-BE54-9A1E7A4F7556}") = "Stashr.Storage.Tests", "test\Stashr.Storage.Tests\Stashr.Storage.Tests.csproj", "{A0000001-0001-0001-0001-000000000005}"
EndProject
Global
	GlobalSection(SolutionConfigurationPlatforms) = preSolution
		Debug|Any CPU = Debug|Any CPU
		Release|Any CPU = Release|Any CPU
	EndGlobalSection
	GlobalSection(ProjectConfigurationPlatforms) = postSolution
		{A0000001-0001-0001-0001-000000000001}.Debug|Any CPU.ActiveCfg = Debug|Any CPU
		{A0000001-0001-0001-0001-000000000001}.Debug|Any CPU.Build.0 = Debug|Any CPU
		{A0000001-0001-0001-0001-000000000001}.Release|Any CPU.ActiveCfg = Release|Any CPU
		{A0000001-0001-0001-0001-000000000001}.Release|Any CPU.Build.0 = Release|Any CPU
		{A0000001-0001-0001-0001-000000000002}.Debug|Any CPU.ActiveCfg = Debug|Any CPU
		{A0000001-0001-0001-0001-000000000002}.Debug|Any CPU.Build.0 = Debug|Any CPU
		{A0000001-0001-0001-0001-000000000002}.Release|Any CPU.ActiveCfg = Release|Any CPU
		{A0000001-0001-0001-0001-000000000002}.Release|Any CPU.Build.0 = Release|Any CPU
		{A0000001-0001-0001-0001-000000000003}.Debug|Any CPU.ActiveCfg = Debug|Any CPU
		{A0000001-0001-0001-0001-000000000003}.Debug|Any CPU.Build.0 = Debug|Any CPU
		{A0000001-0001-0001-0001-000000000003}.Release|Any CPU.ActiveCfg = Release|Any CPU
		{A0000001-0001-0001-0001-000000000003}.Release|Any CPU.Build.0 = Release|Any CPU
		{A0000001-0001-0001-0001-000000000004}.Debug|Any CPU.ActiveCfg = Debug|Any CPU
		{A0000001-0001-0001-0001-000000000004}.Debug|Any CPU.Build.0 = Debug|Any CPU
		{A0000001-0001-0001-0001-000000000004}.Release|Any CPU.ActiveCfg = Release|Any CPU
		{A0000001-0001-0001-0001-000000000004}.Release|Any CPU.Build.0 = Release|Any CPU
		{A0000001-0001-0001-0001-000000000006}.Debug|Any CPU.ActiveCfg = Debug|Any CPU
		{A0000001-0001-0001-0001-000000000006}.Debug|Any CPU.Build.0 = Debug|Any CPU
		{A0000001-0001-0001-0001-000000000006}.Release|Any CPU.ActiveCfg = Release|Any CPU
		{A0000001-0001-0001-0001-000000000006}.Release|Any CPU.Build.0 = Release|Any CPU
		{A0000001-0001-0001-0001-000000000007}.Debug|Any CPU.ActiveCfg = Debug|Any CPU
		{A0000001-0001-0001-0001-000000000007}.Debug|Any CPU.Build.0 = Debug|Any CPU
		{A0000001-0001-0001-0001-000000000007}.Release|Any CPU.ActiveCfg = Release|Any CPU
		{A0000001-0001-0001-0001-000000000007}.Release|Any CPU.Build.0 = Release|Any CPU
		{A0000001-0001-0001-0001-000000000008}.Debug|Any CPU.ActiveCfg = Debug|Any CPU
		{A0000001-0001-0001-0001-000000000008}.Debug|Any CPU.Build.0 = Debug|Any CPU
		{A0000001-0001-0001-0001-000000000008}.Release|Any CPU.ActiveCfg = Release|Any CPU
		{A0000001-0001-0001-0001-000000000008}.Release|Any CPU.Build.0 = Release|Any CPU
		{A0000001-0001-0001-0001-000000000009}.Debug|Any CPU.ActiveCfg = Debug|Any CPU
		{A0000001-0001-0001-0001-000000000009}.Debug|Any CPU.Build.0 = Debug|Any CPU
		{A0000001-0001-0001-0001-000000000009}.Release|Any CPU.ActiveCfg = Release|Any CPU
		{A0000001-0001-0001-0001-000000000009}.Release|Any CPU.Build.0 = Release|Any CPU
		{A0000001-0001-0001-0001-00000000000A}.Debug|Any CPU.ActiveCfg = Debug|Any CPU
		{A0000001-0001-0001-0001-00000000000A}.Debug|Any CPU.Build.0 = Debug|Any CPU
		{A0000001-0001-0001-0001-00000000000A}.Release|Any CPU.ActiveCfg = Release|Any CPU
		{A0000001-0001-0001-0001-00000000000A}.Release|Any CPU.Build.0 = Release|Any CPU
		{A0000001-0001-0001-0001-00000000000B}.Debug|Any CPU.ActiveCfg = Debug|Any CPU
		{A0000001-0001-0001-0001-00000000000B}.Debug|Any CPU.Build.0 = Debug|Any CPU
		{A0000001-0001-0001-0001-00000000000B}.Release|Any CPU.ActiveCfg = Release|Any CPU
		{A0000001-0001-0001-0001-00000000000B}.Release|Any CPU.Build.0 = Release|Any CPU
		{A0000001-0001-0001-0001-00000000000C}.Debug|Any CPU.ActiveCfg = Debug|Any CPU
		{A0000001-0001-0001-0001-00000000000C}.Debug|Any CPU.Build.0 = Debug|Any CPU
		{A0000001-0001-0001-0001-00000000000C}.Release|Any CPU.ActiveCfg = Release|Any CPU
		{A0000001-0001-0001-0001-00000000000C}.Release|Any CPU.Build.0 = Release|Any CPU
		{A0000001-0001-0001-0001-00000000000D}.Debug|Any CPU.ActiveCfg = Debug|Any CPU
		{A0000001-0001-0001-0001-00000000000D}.Debug|Any CPU.Build.0 = Debug|Any CPU
		{A0000001-0001-0001-0001-00000000000D}.Release|Any CPU.ActiveCfg = Release|Any CPU
		{A0000001-0001-0001-0001-00000000000D}.Release|Any CPU.Build.0 = Release|Any CPU
		{A0000001-0001-0001-0001-00000000000E}.Debug|Any CPU.ActiveCfg = Debug|Any CPU
		{A0000001-0001-0001-0001-00000000000E}.Debug|Any CPU.Build.0 = Debug|Any CPU
		{A0000001-0001-0001-0001-00000000000E}.Release|Any CPU.ActiveCfg = Release|Any CPU
		{A0000001-0001-0001-0001-00000000000E}.Release|Any CPU.Build.0 = Release|Any CPU
		{A0000001-0001-0001-0001-00000000000F}.Debug|Any CPU.ActiveCfg = Debug|Any CPU
		{A0000001-0001-0001-0001-00000000000F}.Debug|Any CPU.Build.0 = Debug|Any CPU
		{A0000001-0001-0001-0001-00000000000F}.Release|Any CPU.ActiveCfg = Release|Any CPU
		{A0000001-0001-0001-0001-00000000000F}.Release|Any CPU.Build.0 = Release|Any CPU
		{A0000001-0001-0001-0001-000000000010}.Debug|Any CPU.ActiveCfg = Debug|Any CPU
		{A0000001-0001-0001-0001-000000000010}.Debug|Any CPU.Build.0 = Debug|Any CPU
		{A0000001-0001-0001-0001-000000000010}.Release|Any CPU.ActiveCfg = Release|Any CPU
		{A0000001-0001-0001-0001-000000000010}.Release|Any CPU.Build.0 = Release|Any CPU
		{A0000001-0001-0001-0001-000000000011}.Debug|Any CPU.ActiveCfg = Debug|Any CPU
		{A0000001-0001-0001-0001-000000000011}.Debug|Any CPU.Build.0 = Debug|Any CPU
		{A0000001-0001-0001-0001-000000000011}.Release|Any CPU.ActiveCfg = Release|Any CPU
		{A0000001-0001-0001-0001-000000000011}.Release|Any CPU.Build.0 = Release|Any CPU
		{A0000001-0001-0001-0001-000000000005}.Debug|Any CPU.ActiveCfg = Debug|Any CPU
		{A0000001-0001-0001-0001-000000000005}.Debug|Any CPU.Build.0 = Debug|Any CPU
		{A0000001-0001-0001-0001-000000000005}.Release|Any CPU.ActiveCfg = Release|Any CPU
		{A0000001-0001-0001-0001-000000000005}.Release|Any CPU.Build.0 = Release|Any CPU
		{A0000001-0001-0001-0001-000000000012}.Debug|Any CPU.ActiveCfg = Debug|Any CPU
		{A0000001-0001-0001-0001-000000000012}.Debug|Any CPU.Build.0 = Debug|Any CPU
		{A0000001-0001-0001-0001-000000000012}.Release|Any CPU.ActiveCfg = Release|Any CPU
		{A0000001-0001-0001-0001-000000000012}.Release|Any CPU.Build.0 = Release|Any CPU
		{A0000001-0001-0001-0001-000000000013}.Debug|Any CPU.ActiveCfg = Debug|Any CPU
		{A0000001-0001-0001-0001-000000000013}.Debug|Any CPU.Build.0 = Debug|Any CPU
		{A0000001-0001-0001-0001-000000000013}.Release|Any CPU.ActiveCfg = Release|Any CPU
		{A0000001-0001-0001-0001-000000000013}.Release|Any CPU.Build.0 = Release|Any CPU
	EndGlobalSection
	GlobalSection(SolutionProperties) = preSolution
		HideSolutionNode = FALSE
	EndGlobalSection
	GlobalSection(NestedProjects) = preSolution
		{A0000001-0001-0001-0001-000000000001} = {11111111-1111-1111-1111-111111111111}
		{A0000001-0001-0001-0001-000000000002} = {11111111-1111-1111-1111-111111111111}
		{A0000001-0001-0001-0001-000000000003} = {22222222-2222-2222-2222-222222222222}
		{A0000001-0001-0001-0001-000000000004} = {11111111-1111-1111-1111-111111111111}
		{A0000001-0001-0001-0001-000000000006} = {11111111-1111-1111-1111-111111111111}
		{A0000001-0001-0001-0001-000000000007} = {11111111-1111-1111-1111-111111111111}
		{A0000001-0001-0001-0001-000000000009} = {11111111-1111-1111-1111-111111111111}
		{A0000001-0001-0001-0001-00000000000A} = {11111111-1111-1111-1111-111111111111}
		{A0000001-0001-0001-0001-00000000000C} = {11111111-1111-1111-1111-111111111111}
		{A0000001-0001-0001-0001-00000000000F} = {11111111-1111-1111-1111-111111111111}
		{A0000001-0001-0001-0001-000000000010} = {11111111-1111-1111-1111-111111111111}
		{A0000001-0001-0001-0001-000000000011} = {22222222-2222-2222-2222-222222222222}
		{A0000001-0001-0001-0001-00000000000B} = {33333333-3333-3333-3333-333333333333}
		{A0000001-0001-0001-0001-00000000000D} = {22222222-2222-2222-2222-222222222222}
		{A0000001-0001-0001-0001-00000000000E} = {22222222-2222-2222-2222-222222222222}
		{A0000001-0001-0001-0001-000000000008} = {22222222-2222-2222-2222-222222222222}
		{A0000001-0001-0001-0001-000000000005} = {22222222-2222-2222-2222-222222222222}
		{A0000001-0001-0001-0001-000000000012} = {11111111-1111-1111-1111-111111111111}
		{A0000001-0001-0001-0001-000000000013} = {11111111-1111-1111-1111-111111111111}
	EndGlobalSection
EndGlobal
